
Microsoft Visual Studio Solution File, Format Version 12.00
# Visual Studio 2013
VisualStudioVersion = 12.0.40629.0
MinimumVisualStudioVersion = 10.0.40219.1
Project("{F2A71F9B-5D33-465A-A702-920D77279786}") = "kevoree-dotnet-node", "kevoree-dotnet-node.fsproj", "{EB0F4BEA-65E6-4C2B-9A77-6F4E1AB77A23}"
EndProject
Project("{FAE04EC0-301F-11D3-BF4B-00C04F79EFBC}") = "Annotation", "..\kevoree-dotnet-annotation\Annotation.csproj", "{AD3C2F49-5C3B-46D3-A283-600FE11A0AA1}"
EndProject
Project("{FAE04EC0-301F-11D3-BF4B-00C04F79EFBC}") = "Api", "..\kevoree-dotnet-core-api\Api.csproj", "{AD3C2F49-5C3B-46D3-A283-600FE11A0AA2}"
EndProject
Project("{FAE04EC0-301F-11D3-BF4B-00C04F79EFBC}") = "kevoree-dotnet-log-api", "..\kevoree-dotnet-log-api\kevoree-dotnet-log-api.csproj", "{5D6A3C3E-703A-4AF7-B8F2-8580F418AE50}"
EndProject
Project("{FAE04EC0-301F-11D3-BF4B-00C04F79EFBC}") = "kevoree-dotnet-lib-annotation", "..\kevoree-dotnet-lib-annotation\kevoree-dotnet-lib-annotation.csproj", "{2ECA1361-D670-4755-BD91-FE7651F0826F}"
EndProject
Global
	GlobalSection(SolutionConfigurationPlatforms) = preSolution
		Debug|Any CPU = Debug|Any CPU
		Release|Any CPU = Release|Any CPU
	EndGlobalSection
	GlobalSection(ProjectConfigurationPlatforms) = postSolution
		{EB0F4BEA-65E6-4C2B-9A77-6F4E1AB77A23}.Debug|Any CPU.ActiveCfg = Debug|Any CPU
		{EB0F4BEA-65E6-4C2B-9A77-6F4E1AB77A23}.Debug|Any CPU.Build.0 = Debug|Any CPU
		{EB0F4BEA-65E6-4C2B-9A77-6F4E1AB77A23}.Release|Any CPU.ActiveCfg = Release|Any CPU
		{EB0F4BEA-65E6-4C2B-9A77-6F4E1AB77A23}.Release|Any CPU.Build.0 = Release|Any CPU
		{AD3C2F49-5C3B-46D3-A283-600FE11A0AA1}.Debug|Any CPU.ActiveCfg = Debug|Any CPU
		{AD3C2F49-5C3B-46D3-A283-600FE11A0AA1}.Debug|Any CPU.Build.0 = Debug|Any CPU
		{AD3C2F49-5C3B-46D3-A283-600FE11A0AA1}.Release|Any CPU.ActiveCfg = Release|Any CPU
		{AD3C2F49-5C3B-46D3-A283-600FE11A0AA1}.Release|Any CPU.Build.0 = Release|Any CPU
		{AD3C2F49-5C3B-46D3-A283-600FE11A0AA2}.Debug|Any CPU.ActiveCfg = Debug|Any CPU
		{AD3C2F49-5C3B-46D3-A283-600FE11A0AA2}.Debug|Any CPU.Build.0 = Debug|Any CPU
		{AD3C2F49-5C3B-46D3-A283-600FE11A0AA2}.Release|Any CPU.ActiveCfg = Release|Any CPU
		{AD3C2F49-5C3B-46D3-A283-600FE11A0AA2}.Release|Any CPU.Build.0 = Release|Any CPU
		{5D6A3C3E-703A-4AF7-B8F2-8580F418AE50}.Debug|Any CPU.ActiveCfg = Debug|Any CPU
		{5D6A3C3E-703A-4AF7-B8F2-8580F418AE50}.Debug|Any CPU.Build.0 = Debug|Any CPU
		{5D6A3C3E-703A-4AF7-B8F2-8580F418AE50}.Release|Any CPU.ActiveCfg = Release|Any CPU
		{5D6A3C3E-703A-4AF7-B8F2-8580F418AE50}.Release|Any CPU.Build.0 = Release|Any CPU
		{2ECA1361-D670-4755-BD91-FE7651F0826F}.Debug|Any CPU.ActiveCfg = Debug|Any CPU
		{2ECA1361-D670-4755-BD91-FE7651F0826F}.Debug|Any CPU.Build.0 = Debug|Any CPU
		{2ECA1361-D670-4755-BD91-FE7651F0826F}.Release|Any CPU.ActiveCfg = Release|Any CPU
		{2ECA1361-D670-4755-BD91-FE7651F0826F}.Release|Any CPU.Build.0 = Release|Any CPU
	EndGlobalSection
	GlobalSection(SolutionProperties) = preSolution
		HideSolutionNode = FALSE
	EndGlobalSection
EndGlobal
